
Microsoft Visual Studio Solution File, Format Version 12.00
Project("{2150E333-8FDC-42A3-9474-1A3956D46DE8}") = "src", "src", "{81F66C62-2EBA-4A09-B831-5D643DCFC85C}"
EndProject
Project("{2150E333-8FDC-42A3-9474-1A3956D46DE8}") = "test", "test", "{8CDD510C-A46C-486F-A8C8-70BFA0F12236}"
EndProject
Project("{FAE04EC0-301F-11D3-BF4B-00C04F79EFBC}") = "Application", "Application\Application.csproj", "{986D18B3-4F20-46A6-960C-9DE0005B7017}"
EndProject
Project("{FAE04EC0-301F-11D3-BF4B-00C04F79EFBC}") = "Domain", "Domain\Domain.csproj", "{DBF6D31F-959D-4697-A924-66D014050954}"
EndProject
Project("{FAE04EC0-301F-11D3-BF4B-00C04F79EFBC}") = "Infrastructure", "Infrastructure\Infrastructure.csproj", "{5BA5222C-FE2F-4FE5-90FA-4B591FEEA5B7}"
EndProject
Project("{FAE04EC0-301F-11D3-BF4B-00C04F79EFBC}") = "WebAPI", "WebAPI\WebAPI.csproj", "{36B8A641-9B5C-4CFB-97D7-DF0E200D5DD8}"
EndProject
Project("{FAE04EC0-301F-11D3-BF4B-00C04F79EFBC}") = "Domain.UnitTest", "Domain.UnitTest\Domain.UnitTest.csproj", "{FED9AA5A-3283-4CAD-9B5C-2A9E1A5C85F1}"
EndProject
Project("{FAE04EC0-301F-11D3-BF4B-00C04F79EFBC}") = "Application.UnitTest", "Application.UnitTest\Application.UnitTest.csproj", "{722EFE78-5C4B-4A32-A18D-62EF2E42EE60}"
EndProject
Global
	GlobalSection(SolutionConfigurationPlatforms) = preSolution
		Debug|Any CPU = Debug|Any CPU
		Release|Any CPU = Release|Any CPU
	EndGlobalSection
	GlobalSection(ProjectConfigurationPlatforms) = postSolution
		{986D18B3-4F20-46A6-960C-9DE0005B7017}.Debug|Any CPU.ActiveCfg = Debug|Any CPU
		{986D18B3-4F20-46A6-960C-9DE0005B7017}.Debug|Any CPU.Build.0 = Debug|Any CPU
		{986D18B3-4F20-46A6-960C-9DE0005B7017}.Release|Any CPU.ActiveCfg = Release|Any CPU
		{986D18B3-4F20-46A6-960C-9DE0005B7017}.Release|Any CPU.Build.0 = Release|Any CPU
		{DBF6D31F-959D-4697-A924-66D014050954}.Debug|Any CPU.ActiveCfg = Debug|Any CPU
		{DBF6D31F-959D-4697-A924-66D014050954}.Debug|Any CPU.Build.0 = Debug|Any CPU
		{DBF6D31F-959D-4697-A924-66D014050954}.Release|Any CPU.ActiveCfg = Release|Any CPU
		{DBF6D31F-959D-4697-A924-66D014050954}.Release|Any CPU.Build.0 = Release|Any CPU
		{5BA5222C-FE2F-4FE5-90FA-4B591FEEA5B7}.Debug|Any CPU.ActiveCfg = Debug|Any CPU
		{5BA5222C-FE2F-4FE5-90FA-4B591FEEA5B7}.Debug|Any CPU.Build.0 = Debug|Any CPU
		{5BA5222C-FE2F-4FE5-90FA-4B591FEEA5B7}.Release|Any CPU.ActiveCfg = Release|Any CPU
		{5BA5222C-FE2F-4FE5-90FA-4B591FEEA5B7}.Release|Any CPU.Build.0 = Release|Any CPU
		{36B8A641-9B5C-4CFB-97D7-DF0E200D5DD8}.Debug|Any CPU.ActiveCfg = Debug|Any CPU
		{36B8A641-9B5C-4CFB-97D7-DF0E200D5DD8}.Debug|Any CPU.Build.0 = Debug|Any CPU
		{36B8A641-9B5C-4CFB-97D7-DF0E200D5DD8}.Release|Any CPU.ActiveCfg = Release|Any CPU
		{36B8A641-9B5C-4CFB-97D7-DF0E200D5DD8}.Release|Any CPU.Build.0 = Release|Any CPU
		{FED9AA5A-3283-4CAD-9B5C-2A9E1A5C85F1}.Debug|Any CPU.ActiveCfg = Debug|Any CPU
		{FED9AA5A-3283-4CAD-9B5C-2A9E1A5C85F1}.Debug|Any CPU.Build.0 = Debug|Any CPU
		{FED9AA5A-3283-4CAD-9B5C-2A9E1A5C85F1}.Release|Any CPU.ActiveCfg = Release|Any CPU
		{FED9AA5A-3283-4CAD-9B5C-2A9E1A5C85F1}.Release|Any CPU.Build.0 = Release|Any CPU
		{722EFE78-5C4B-4A32-A18D-62EF2E42EE60}.Debug|Any CPU.ActiveCfg = Debug|Any CPU
		{722EFE78-5C4B-4A32-A18D-62EF2E42EE60}.Debug|Any CPU.Build.0 = Debug|Any CPU
		{722EFE78-5C4B-4A32-A18D-62EF2E42EE60}.Release|Any CPU.ActiveCfg = Release|Any CPU
		{722EFE78-5C4B-4A32-A18D-62EF2E42EE60}.Release|Any CPU.Build.0 = Release|Any CPU
	EndGlobalSection
	GlobalSection(NestedProjects) = preSolution
		{986D18B3-4F20-46A6-960C-9DE0005B7017} = {81F66C62-2EBA-4A09-B831-5D643DCFC85C}
		{DBF6D31F-959D-4697-A924-66D014050954} = {81F66C62-2EBA-4A09-B831-5D643DCFC85C}
		{5BA5222C-FE2F-4FE5-90FA-4B591FEEA5B7} = {81F66C62-2EBA-4A09-B831-5D643DCFC85C}
		{36B8A641-9B5C-4CFB-97D7-DF0E200D5DD8} = {81F66C62-2EBA-4A09-B831-5D643DCFC85C}
		{FED9AA5A-3283-4CAD-9B5C-2A9E1A5C85F1} = {8CDD510C-A46C-486F-A8C8-70BFA0F12236}
		{722EFE78-5C4B-4A32-A18D-62EF2E42EE60} = {8CDD510C-A46C-486F-A8C8-70BFA0F12236}
	EndGlobalSection
EndGlobal
